
Microsoft Visual Studio Solution File, Format Version 12.00
# Visual Studio Version 17
VisualStudioVersion = 17.9.34723.18
MinimumVisualStudioVersion = 10.0.40219.1
Project("{778DAE3C-4631-46EA-AA77-85C1314464D9}") = "MidtermProject", "MidtermProject\MidtermProject.vbproj", "{AFF69593-DC09-4EB3-97B5-0D940CF5579F}"
EndProject
Global
	GlobalSection(SolutionConfigurationPlatforms) = preSolution
		Debug|Any CPU = Debug|Any CPU
		Release|Any CPU = Release|Any CPU
	EndGlobalSection
	GlobalSection(ProjectConfigurationPlatforms) = postSolution
		{AFF69593-DC09-4EB3-97B5-0D940CF5579F}.Debug|Any CPU.ActiveCfg = Debug|Any CPU
		{AFF69593-DC09-4EB3-97B5-0D940CF5579F}.Debug|Any CPU.Build.0 = Debug|Any CPU
		{AFF69593-DC09-4EB3-97B5-0D940CF5579F}.Release|Any CPU.ActiveCfg = Release|Any CPU
		{AFF69593-DC09-4EB3-97B5-0D940CF5579F}.Release|Any CPU.Build.0 = Release|Any CPU
	EndGlobalSection
	GlobalSection(SolutionProperties) = preSolution
		HideSolutionNode = FALSE
	EndGlobalSection
	GlobalSection(ExtensibilityGlobals) = postSolution
		SolutionGuid = {7808880C-BBB9-490A-93AE-486E4FA70967}
	EndGlobalSection
EndGlobal
